// !$*UTF8*$!
{
	archiveVersion = 1;
	classes = {
	};
	objectVersion = 50;
	objects = {

/* Begin PBXBuildFile section */
		97A9AE2226A709B900802F79 /* TabView.swift in Sources */ = {isa = PBXBuildFile; fileRef = 97A9AE2126A709B900802F79 /* TabView.swift */; };
		97A9AE2426A70ACC00802F79 /* HeaderView.swift in Sources */ = {isa = PBXBuildFile; fileRef = 97A9AE2326A70ACC00802F79 /* HeaderView.swift */; };
		97A9AE2726A7123400802F79 /* ColorExtension.swift in Sources */ = {isa = PBXBuildFile; fileRef = 97A9AE2626A7123400802F79 /* ColorExtension.swift */; };
		97A9AE2926A712B000802F79 /* RoundedCorners.swift in Sources */ = {isa = PBXBuildFile; fileRef = 97A9AE2826A712B000802F79 /* RoundedCorners.swift */; };
		97C8B85126A6DE9200D116C1 /* Covid19App.swift in Sources */ = {isa = PBXBuildFile; fileRef = 97C8B85026A6DE9200D116C1 /* Covid19App.swift */; };
		97C8B85326A6DE9200D116C1 /* HomeView.swift in Sources */ = {isa = PBXBuildFile; fileRef = 97C8B85226A6DE9200D116C1 /* HomeView.swift */; };
		97C8B85526A6DE9300D116C1 /* Assets.xcassets in Resources */ = {isa = PBXBuildFile; fileRef = 97C8B85426A6DE9300D116C1 /* Assets.xcassets */; };
		97C8B85826A6DE9300D116C1 /* Preview Assets.xcassets in Resources */ = {isa = PBXBuildFile; fileRef = 97C8B85726A6DE9300D116C1 /* Preview Assets.xcassets */; };
		97C8B86326A6DE9300D116C1 /* Covid19Tests.swift in Sources */ = {isa = PBXBuildFile; fileRef = 97C8B86226A6DE9300D116C1 /* Covid19Tests.swift */; };
		97C8B86E26A6DE9300D116C1 /* Covid19UITests.swift in Sources */ = {isa = PBXBuildFile; fileRef = 97C8B86D26A6DE9300D116C1 /* Covid19UITests.swift */; };
/* End PBXBuildFile section */

/* Begin PBXContainerItemProxy section */
		97C8B85F26A6DE9300D116C1 /* PBXContainerItemProxy */ = {
			isa = PBXContainerItemProxy;
			containerPortal = 97C8B84526A6DE9200D116C1 /* Project object */;
			proxyType = 1;
			remoteGlobalIDString = 97C8B84C26A6DE9200D116C1;
			remoteInfo = Covid19;
		};
		97C8B86A26A6DE9300D116C1 /* PBXContainerItemProxy */ = {
			isa = PBXContainerItemProxy;
			containerPortal = 97C8B84526A6DE9200D116C1 /* Project object */;
			proxyType = 1;
			remoteGlobalIDString = 97C8B84C26A6DE9200D116C1;
			remoteInfo = Covid19;
		};
/* End PBXContainerItemProxy section */

/* Begin PBXFileReference section */
		97A9AE2126A709B900802F79 /* TabView.swift */ = {isa = PBXFileReference; lastKnownFileType = sourcecode.swift; path = TabView.swift; sourceTree = "<group>"; };
		97A9AE2326A70ACC00802F79 /* HeaderView.swift */ = {isa = PBXFileReference; lastKnownFileType = sourcecode.swift; path = HeaderView.swift; sourceTree = "<group>"; };
		97A9AE2626A7123400802F79 /* ColorExtension.swift */ = {isa = PBXFileReference; lastKnownFileType = sourcecode.swift; path = ColorExtension.swift; sourceTree = "<group>"; };
		97A9AE2826A712B000802F79 /* RoundedCorners.swift */ = {isa = PBXFileReference; lastKnownFileType = sourcecode.swift; path = RoundedCorners.swift; sourceTree = "<group>"; };
		97C8B84D26A6DE9200D116C1 /* Covid19.app */ = {isa = PBXFileReference; explicitFileType = wrapper.application; includeInIndex = 0; path = Covid19.app; sourceTree = BUILT_PRODUCTS_DIR; };
		97C8B85026A6DE9200D116C1 /* Covid19App.swift */ = {isa = PBXFileReference; lastKnownFileType = sourcecode.swift; path = Covid19App.swift; sourceTree = "<group>"; };
		97C8B85226A6DE9200D116C1 /* HomeView.swift */ = {isa = PBXFileReference; lastKnownFileType = sourcecode.swift; path = HomeView.swift; sourceTree = "<group>"; };
		97C8B85426A6DE9300D116C1 /* Assets.xcassets */ = {isa = PBXFileReference; lastKnownFileType = folder.assetcatalog; path = Assets.xcassets; sourceTree = "<group>"; };
		97C8B85726A6DE9300D116C1 /* Preview Assets.xcassets */ = {isa = PBXFileReference; lastKnownFileType = folder.assetcatalog; path = "Preview Assets.xcassets"; sourceTree = "<group>"; };
		97C8B85926A6DE9300D116C1 /* Info.plist */ = {isa = PBXFileReference; lastKnownFileType = text.plist.xml; path = Info.plist; sourceTree = "<group>"; };
		97C8B85E26A6DE9300D116C1 /* Covid19Tests.xctest */ = {isa = PBXFileReference; explicitFileType = wrapper.cfbundle; includeInIndex = 0; path = Covid19Tests.xctest; sourceTree = BUILT_PRODUCTS_DIR; };
		97C8B86226A6DE9300D116C1 /* Covid19Tests.swift */ = {isa = PBXFileReference; lastKnownFileType = sourcecode.swift; path = Covid19Tests.swift; sourceTree = "<group>"; };
		97C8B86426A6DE9300D116C1 /* Info.plist */ = {isa = PBXFileReference; lastKnownFileType = text.plist.xml; path = Info.plist; sourceTree = "<group>"; };
		97C8B86926A6DE9300D116C1 /* Covid19UITests.xctest */ = {isa = PBXFileReference; explicitFileType = wrapper.cfbundle; includeInIndex = 0; path = Covid19UITests.xctest; sourceTree = BUILT_PRODUCTS_DIR; };
		97C8B86D26A6DE9300D116C1 /* Covid19UITests.swift */ = {isa = PBXFileReference; lastKnownFileType = sourcecode.swift; path = Covid19UITests.swift; sourceTree = "<group>"; };
		97C8B86F26A6DE9300D116C1 /* Info.plist */ = {isa = PBXFileReference; lastKnownFileType = text.plist.xml; path = Info.plist; sourceTree = "<group>"; };
/* End PBXFileReference section */

/* Begin PBXFrameworksBuildPhase section */
		97C8B84A26A6DE9200D116C1 /* Frameworks */ = {
			isa = PBXFrameworksBuildPhase;
			buildActionMask = 2147483647;
			files = (
			);
			runOnlyForDeploymentPostprocessing = 0;
		};
		97C8B85B26A6DE9300D116C1 /* Frameworks */ = {
			isa = PBXFrameworksBuildPhase;
			buildActionMask = 2147483647;
			files = (
			);
			runOnlyForDeploymentPostprocessing = 0;
		};
		97C8B86626A6DE9300D116C1 /* Frameworks */ = {
			isa = PBXFrameworksBuildPhase;
			buildActionMask = 2147483647;
			files = (
			);
			runOnlyForDeploymentPostprocessing = 0;
		};
/* End PBXFrameworksBuildPhase section */

/* Begin PBXGroup section */
		97A9AE2526A7121C00802F79 /* Utils */ = {
			isa = PBXGroup;
			children = (
				97A9AE2626A7123400802F79 /* ColorExtension.swift */,
				97A9AE2826A712B000802F79 /* RoundedCorners.swift */,
			);
			path = Utils;
			sourceTree = "<group>";
		};
		97C8B84426A6DE9200D116C1 = {
			isa = PBXGroup;
			children = (
				97C8B84F26A6DE9200D116C1 /* Covid19 */,
				97C8B86126A6DE9300D116C1 /* Covid19Tests */,
				97C8B86C26A6DE9300D116C1 /* Covid19UITests */,
				97C8B84E26A6DE9200D116C1 /* Products */,
			);
			sourceTree = "<group>";
		};
		97C8B84E26A6DE9200D116C1 /* Products */ = {
			isa = PBXGroup;
			children = (
				97C8B84D26A6DE9200D116C1 /* Covid19.app */,
				97C8B85E26A6DE9300D116C1 /* Covid19Tests.xctest */,
				97C8B86926A6DE9300D116C1 /* Covid19UITests.xctest */,
			);
			name = Products;
			sourceTree = "<group>";
		};
		97C8B84F26A6DE9200D116C1 /* Covid19 */ = {
			isa = PBXGroup;
			children = (
				97C8B87B26A6DEA200D116C1 /* App */,
				97C8B87C26A6DEB500D116C1 /* Features */,
				97C8B85426A6DE9300D116C1 /* Assets.xcassets */,
				97C8B85626A6DE9300D116C1 /* Preview Content */,
				97A9AE2526A7121C00802F79 /* Utils */,
			);
			path = Covid19;
			sourceTree = "<group>";
		};
		97C8B85626A6DE9300D116C1 /* Preview Content */ = {
			isa = PBXGroup;
			children = (
				97C8B85726A6DE9300D116C1 /* Preview Assets.xcassets */,
			);
			path = "Preview Content";
			sourceTree = "<group>";
		};
		97C8B86126A6DE9300D116C1 /* Covid19Tests */ = {
			isa = PBXGroup;
			children = (
				97C8B86226A6DE9300D116C1 /* Covid19Tests.swift */,
				97C8B86426A6DE9300D116C1 /* Info.plist */,
			);
			path = Covid19Tests;
			sourceTree = "<group>";
		};
		97C8B86C26A6DE9300D116C1 /* Covid19UITests */ = {
			isa = PBXGroup;
			children = (
				97C8B86D26A6DE9300D116C1 /* Covid19UITests.swift */,
				97C8B86F26A6DE9300D116C1 /* Info.plist */,
			);
			path = Covid19UITests;
			sourceTree = "<group>";
		};
		97C8B87B26A6DEA200D116C1 /* App */ = {
			isa = PBXGroup;
			children = (
				97C8B85926A6DE9300D116C1 /* Info.plist */,
				97C8B85026A6DE9200D116C1 /* Covid19App.swift */,
			);
			path = App;
			sourceTree = "<group>";
		};
		97C8B87C26A6DEB500D116C1 /* Features */ = {
			isa = PBXGroup;
			children = (
				97C8B87D26A6DEC400D116C1 /* Home */,
			);
			path = Features;
			sourceTree = "<group>";
		};
		97C8B87D26A6DEC400D116C1 /* Home */ = {
			isa = PBXGroup;
			children = (
				97C8B85226A6DE9200D116C1 /* HomeView.swift */,
				97A9AE2126A709B900802F79 /* TabView.swift */,
				97A9AE2326A70ACC00802F79 /* HeaderView.swift */,
			);
			path = Home;
			sourceTree = "<group>";
		};
/* End PBXGroup section */

/* Begin PBXNativeTarget section */
		97C8B84C26A6DE9200D116C1 /* Covid19 */ = {
			isa = PBXNativeTarget;
			buildConfigurationList = 97C8B87226A6DE9300D116C1 /* Build configuration list for PBXNativeTarget "Covid19" */;
			buildPhases = (
				97C8B84926A6DE9200D116C1 /* Sources */,
				97C8B84A26A6DE9200D116C1 /* Frameworks */,
				97C8B84B26A6DE9200D116C1 /* Resources */,
			);
			buildRules = (
			);
			dependencies = (
			);
			name = Covid19;
			productName = Covid19;
			productReference = 97C8B84D26A6DE9200D116C1 /* Covid19.app */;
			productType = "com.apple.product-type.application";
		};
		97C8B85D26A6DE9300D116C1 /* Covid19Tests */ = {
			isa = PBXNativeTarget;
			buildConfigurationList = 97C8B87526A6DE9300D116C1 /* Build configuration list for PBXNativeTarget "Covid19Tests" */;
			buildPhases = (
				97C8B85A26A6DE9300D116C1 /* Sources */,
				97C8B85B26A6DE9300D116C1 /* Frameworks */,
				97C8B85C26A6DE9300D116C1 /* Resources */,
			);
			buildRules = (
			);
			dependencies = (
				97C8B86026A6DE9300D116C1 /* PBXTargetDependency */,
			);
			name = Covid19Tests;
			productName = Covid19Tests;
			productReference = 97C8B85E26A6DE9300D116C1 /* Covid19Tests.xctest */;
			productType = "com.apple.product-type.bundle.unit-test";
		};
		97C8B86826A6DE9300D116C1 /* Covid19UITests */ = {
			isa = PBXNativeTarget;
			buildConfigurationList = 97C8B87826A6DE9300D116C1 /* Build configuration list for PBXNativeTarget "Covid19UITests" */;
			buildPhases = (
				97C8B86526A6DE9300D116C1 /* Sources */,
				97C8B86626A6DE9300D116C1 /* Frameworks */,
				97C8B86726A6DE9300D116C1 /* Resources */,
			);
			buildRules = (
			);
			dependencies = (
				97C8B86B26A6DE9300D116C1 /* PBXTargetDependency */,
			);
			name = Covid19UITests;
			productName = Covid19UITests;
			productReference = 97C8B86926A6DE9300D116C1 /* Covid19UITests.xctest */;
			productType = "com.apple.product-type.bundle.ui-testing";
		};
/* End PBXNativeTarget section */

/* Begin PBXProject section */
		97C8B84526A6DE9200D116C1 /* Project object */ = {
			isa = PBXProject;
			attributes = {
				LastSwiftUpdateCheck = 1250;
				LastUpgradeCheck = 1250;
				TargetAttributes = {
					97C8B84C26A6DE9200D116C1 = {
						CreatedOnToolsVersion = 12.5.1;
					};
					97C8B85D26A6DE9300D116C1 = {
						CreatedOnToolsVersion = 12.5.1;
						TestTargetID = 97C8B84C26A6DE9200D116C1;
					};
					97C8B86826A6DE9300D116C1 = {
						CreatedOnToolsVersion = 12.5.1;
						TestTargetID = 97C8B84C26A6DE9200D116C1;
					};
				};
			};
			buildConfigurationList = 97C8B84826A6DE9200D116C1 /* Build configuration list for PBXProject "Covid19" */;
			compatibilityVersion = "Xcode 9.3";
			developmentRegion = en;
			hasScannedForEncodings = 0;
			knownRegions = (
				en,
				Base,
			);
			mainGroup = 97C8B84426A6DE9200D116C1;
			productRefGroup = 97C8B84E26A6DE9200D116C1 /* Products */;
			projectDirPath = "";
			projectRoot = "";
			targets = (
				97C8B84C26A6DE9200D116C1 /* Covid19 */,
				97C8B85D26A6DE9300D116C1 /* Covid19Tests */,
				97C8B86826A6DE9300D116C1 /* Covid19UITests */,
			);
		};
/* End PBXProject section */

/* Begin PBXResourcesBuildPhase section */
		97C8B84B26A6DE9200D116C1 /* Resources */ = {
			isa = PBXResourcesBuildPhase;
			buildActionMask = 2147483647;
			files = (
				97C8B85826A6DE9300D116C1 /* Preview Assets.xcassets in Resources */,
				97C8B85526A6DE9300D116C1 /* Assets.xcassets in Resources */,
			);
			runOnlyForDeploymentPostprocessing = 0;
		};
		97C8B85C26A6DE9300D116C1 /* Resources */ = {
			isa = PBXResourcesBuildPhase;
			buildActionMask = 2147483647;
			files = (
			);
			runOnlyForDeploymentPostprocessing = 0;
		};
		97C8B86726A6DE9300D116C1 /* Resources */ = {
			isa = PBXResourcesBuildPhase;
			buildActionMask = 2147483647;
			files = (
			);
			runOnlyForDeploymentPostprocessing = 0;
		};
/* End PBXResourcesBuildPhase section */

/* Begin PBXSourcesBuildPhase section */
		97C8B84926A6DE9200D116C1 /* Sources */ = {
			isa = PBXSourcesBuildPhase;
			buildActionMask = 2147483647;
			files = (
				97C8B85326A6DE9200D116C1 /* HomeView.swift in Sources */,
				97A9AE2226A709B900802F79 /* TabView.swift in Sources */,
				97C8B85126A6DE9200D116C1 /* Covid19App.swift in Sources */,
				97A9AE2426A70ACC00802F79 /* HeaderView.swift in Sources */,
				97A9AE2926A712B000802F79 /* RoundedCorners.swift in Sources */,
				97A9AE2726A7123400802F79 /* ColorExtension.swift in Sources */,
			);
			runOnlyForDeploymentPostprocessing = 0;
		};
		97C8B85A26A6DE9300D116C1 /* Sources */ = {
			isa = PBXSourcesBuildPhase;
			buildActionMask = 2147483647;
			files = (
				97C8B86326A6DE9300D116C1 /* Covid19Tests.swift in Sources */,
			);
			runOnlyForDeploymentPostprocessing = 0;
		};
		97C8B86526A6DE9300D116C1 /* Sources */ = {
			isa = PBXSourcesBuildPhase;
			buildActionMask = 2147483647;
			files = (
				97C8B86E26A6DE9300D116C1 /* Covid19UITests.swift in Sources */,
			);
			runOnlyForDeploymentPostprocessing = 0;
		};
/* End PBXSourcesBuildPhase section */

/* Begin PBXTargetDependency section */
		97C8B86026A6DE9300D116C1 /* PBXTargetDependency */ = {
			isa = PBXTargetDependency;
			target = 97C8B84C26A6DE9200D116C1 /* Covid19 */;
			targetProxy = 97C8B85F26A6DE9300D116C1 /* PBXContainerItemProxy */;
		};
		97C8B86B26A6DE9300D116C1 /* PBXTargetDependency */ = {
			isa = PBXTargetDependency;
			target = 97C8B84C26A6DE9200D116C1 /* Covid19 */;
			targetProxy = 97C8B86A26A6DE9300D116C1 /* PBXContainerItemProxy */;
		};
/* End PBXTargetDependency section */

/* Begin XCBuildConfiguration section */
		97C8B87026A6DE9300D116C1 /* Debug */ = {
			isa = XCBuildConfiguration;
			buildSettings = {
				ALWAYS_SEARCH_USER_PATHS = NO;
				CLANG_ANALYZER_NONNULL = YES;
				CLANG_ANALYZER_NUMBER_OBJECT_CONVERSION = YES_AGGRESSIVE;
				CLANG_CXX_LANGUAGE_STANDARD = "gnu++14";
				CLANG_CXX_LIBRARY = "libc++";
				CLANG_ENABLE_MODULES = YES;
				CLANG_ENABLE_OBJC_ARC = YES;
				CLANG_ENABLE_OBJC_WEAK = YES;
				CLANG_WARN_BLOCK_CAPTURE_AUTORELEASING = YES;
				CLANG_WARN_BOOL_CONVERSION = YES;
				CLANG_WARN_COMMA = YES;
				CLANG_WARN_CONSTANT_CONVERSION = YES;
				CLANG_WARN_DEPRECATED_OBJC_IMPLEMENTATIONS = YES;
				CLANG_WARN_DIRECT_OBJC_ISA_USAGE = YES_ERROR;
				CLANG_WARN_DOCUMENTATION_COMMENTS = YES;
				CLANG_WARN_EMPTY_BODY = YES;
				CLANG_WARN_ENUM_CONVERSION = YES;
				CLANG_WARN_INFINITE_RECURSION = YES;
				CLANG_WARN_INT_CONVERSION = YES;
				CLANG_WARN_NON_LITERAL_NULL_CONVERSION = YES;
				CLANG_WARN_OBJC_IMPLICIT_RETAIN_SELF = YES;
				CLANG_WARN_OBJC_LITERAL_CONVERSION = YES;
				CLANG_WARN_OBJC_ROOT_CLASS = YES_ERROR;
				CLANG_WARN_QUOTED_INCLUDE_IN_FRAMEWORK_HEADER = YES;
				CLANG_WARN_RANGE_LOOP_ANALYSIS = YES;
				CLANG_WARN_STRICT_PROTOTYPES = YES;
				CLANG_WARN_SUSPICIOUS_MOVE = YES;
				CLANG_WARN_UNGUARDED_AVAILABILITY = YES_AGGRESSIVE;
				CLANG_WARN_UNREACHABLE_CODE = YES;
				CLANG_WARN__DUPLICATE_METHOD_MATCH = YES;
				COPY_PHASE_STRIP = NO;
				DEBUG_INFORMATION_FORMAT = dwarf;
				ENABLE_STRICT_OBJC_MSGSEND = YES;
				ENABLE_TESTABILITY = YES;
				GCC_C_LANGUAGE_STANDARD = gnu11;
				GCC_DYNAMIC_NO_PIC = NO;
				GCC_NO_COMMON_BLOCKS = YES;
				GCC_OPTIMIZATION_LEVEL = 0;
				GCC_PREPROCESSOR_DEFINITIONS = (
					"DEBUG=1",
					"$(inherited)",
				);
				GCC_WARN_64_TO_32_BIT_CONVERSION = YES;
				GCC_WARN_ABOUT_RETURN_TYPE = YES_ERROR;
				GCC_WARN_UNDECLARED_SELECTOR = YES;
				GCC_WARN_UNINITIALIZED_AUTOS = YES_AGGRESSIVE;
				GCC_WARN_UNUSED_FUNCTION = YES;
				GCC_WARN_UNUSED_VARIABLE = YES;
				IPHONEOS_DEPLOYMENT_TARGET = 14.5;
				MTL_ENABLE_DEBUG_INFO = INCLUDE_SOURCE;
				MTL_FAST_MATH = YES;
				ONLY_ACTIVE_ARCH = YES;
				SDKROOT = iphoneos;
				SWIFT_ACTIVE_COMPILATION_CONDITIONS = DEBUG;
				SWIFT_OPTIMIZATION_LEVEL = "-Onone";
			};
			name = Debug;
		};
		97C8B87126A6DE9300D116C1 /* Release */ = {
			isa = XCBuildConfiguration;
			buildSettings = {
				ALWAYS_SEARCH_USER_PATHS = NO;
				CLANG_ANALYZER_NONNULL = YES;
				CLANG_ANALYZER_NUMBER_OBJECT_CONVERSION = YES_AGGRESSIVE;
				CLANG_CXX_LANGUAGE_STANDARD = "gnu++14";
				CLANG_CXX_LIBRARY = "libc++";
				CLANG_ENABLE_MODULES = YES;
				CLANG_ENABLE_OBJC_ARC = YES;
				CLANG_ENABLE_OBJC_WEAK = YES;
				CLANG_WARN_BLOCK_CAPTURE_AUTORELEASING = YES;
				CLANG_WARN_BOOL_CONVERSION = YES;
				CLANG_WARN_COMMA = YES;
				CLANG_WARN_CONSTANT_CONVERSION = YES;
				CLANG_WARN_DEPRECATED_OBJC_IMPLEMENTATIONS = YES;
				CLANG_WARN_DIRECT_OBJC_ISA_USAGE = YES_ERROR;
				CLANG_WARN_DOCUMENTATION_COMMENTS = YES;
				CLANG_WARN_EMPTY_BODY = YES;
				CLANG_WARN_ENUM_CONVERSION = YES;
				CLANG_WARN_INFINITE_RECURSION = YES;
				CLANG_WARN_INT_CONVERSION = YES;
				CLANG_WARN_NON_LITERAL_NULL_CONVERSION = YES;
				CLANG_WARN_OBJC_IMPLICIT_RETAIN_SELF = YES;
				CLANG_WARN_OBJC_LITERAL_CONVERSION = YES;
				CLANG_WARN_OBJC_ROOT_CLASS = YES_ERROR;
				CLANG_WARN_QUOTED_INCLUDE_IN_FRAMEWORK_HEADER = YES;
				CLANG_WARN_RANGE_LOOP_ANALYSIS = YES;
				CLANG_WARN_STRICT_PROTOTYPES = YES;
				CLANG_WARN_SUSPICIOUS_MOVE = YES;
				CLANG_WARN_UNGUARDED_AVAILABILITY = YES_AGGRESSIVE;
				CLANG_WARN_UNREACHABLE_CODE = YES;
				CLANG_WARN__DUPLICATE_METHOD_MATCH = YES;
				COPY_PHASE_STRIP = NO;
				DEBUG_INFORMATION_FORMAT = "dwarf-with-dsym";
				ENABLE_NS_ASSERTIONS = NO;
				ENABLE_STRICT_OBJC_MSGSEND = YES;
				GCC_C_LANGUAGE_STANDARD = gnu11;
				GCC_NO_COMMON_BLOCKS = YES;
				GCC_WARN_64_TO_32_BIT_CONVERSION = YES;
				GCC_WARN_ABOUT_RETURN_TYPE = YES_ERROR;
				GCC_WARN_UNDECLARED_SELECTOR = YES;
				GCC_WARN_UNINITIALIZED_AUTOS = YES_AGGRESSIVE;
				GCC_WARN_UNUSED_FUNCTION = YES;
				GCC_WARN_UNUSED_VARIABLE = YES;
				IPHONEOS_DEPLOYMENT_TARGET = 14.5;
				MTL_ENABLE_DEBUG_INFO = NO;
				MTL_FAST_MATH = YES;
				SDKROOT = iphoneos;
				SWIFT_COMPILATION_MODE = wholemodule;
				SWIFT_OPTIMIZATION_LEVEL = "-O";
				VALIDATE_PRODUCT = YES;
			};
			name = Release;
		};
		97C8B87326A6DE9300D116C1 /* Debug */ = {
			isa = XCBuildConfiguration;
			buildSettings = {
				ASSETCATALOG_COMPILER_APPICON_NAME = AppIcon;
				ASSETCATALOG_COMPILER_GLOBAL_ACCENT_COLOR_NAME = AccentColor;
				CODE_SIGN_STYLE = Automatic;
				DEVELOPMENT_ASSET_PATHS = "\"Covid19/Preview Content\"";
				DEVELOPMENT_TEAM = MCRHF646YX;
				ENABLE_PREVIEWS = YES;
				INFOPLIST_FILE = Covid19/App/Info.plist;
				IPHONEOS_DEPLOYMENT_TARGET = 14.0;
				LD_RUNPATH_SEARCH_PATHS = (
					"$(inherited)",
					"@executable_path/Frameworks",
				);
				PRODUCT_BUNDLE_IDENTIFIER = com.yoviputra.Covid19;
				PRODUCT_NAME = "$(TARGET_NAME)";
				SWIFT_VERSION = 5.0;
				TARGETED_DEVICE_FAMILY = "1,2";
			};
			name = Debug;
		};
		97C8B87426A6DE9300D116C1 /* Release */ = {
			isa = XCBuildConfiguration;
			buildSettings = {
				ASSETCATALOG_COMPILER_APPICON_NAME = AppIcon;
				ASSETCATALOG_COMPILER_GLOBAL_ACCENT_COLOR_NAME = AccentColor;
				CODE_SIGN_STYLE = Automatic;
				DEVELOPMENT_ASSET_PATHS = "\"Covid19/Preview Content\"";
				DEVELOPMENT_TEAM = MCRHF646YX;
				ENABLE_PREVIEWS = YES;
				INFOPLIST_FILE = Covid19/App/Info.plist;
				IPHONEOS_DEPLOYMENT_TARGET = 14.0;
				LD_RUNPATH_SEARCH_PATHS = (
					"$(inherited)",
					"@executable_path/Frameworks",
				);
				PRODUCT_BUNDLE_IDENTIFIER = com.yoviputra.Covid19;
				PRODUCT_NAME = "$(TARGET_NAME)";
				SWIFT_VERSION = 5.0;
				TARGETED_DEVICE_FAMILY = "1,2";
			};
			name = Release;
		};
		97C8B87626A6DE9300D116C1 /* Debug */ = {
			isa = XCBuildConfiguration;
			buildSettings = {
				ALWAYS_EMBED_SWIFT_STANDARD_LIBRARIES = YES;
				BUNDLE_LOADER = "$(TEST_HOST)";
				CODE_SIGN_STYLE = Automatic;
				DEVELOPMENT_TEAM = MCRHF646YX;
				INFOPLIST_FILE = Covid19Tests/Info.plist;
				IPHONEOS_DEPLOYMENT_TARGET = 14.0;
				LD_RUNPATH_SEARCH_PATHS = (
					"$(inherited)",
					"@executable_path/Frameworks",
					"@loader_path/Frameworks",
				);
				PRODUCT_BUNDLE_IDENTIFIER = com.yoviputra.Covid19Tests;
				PRODUCT_NAME = "$(TARGET_NAME)";
				SWIFT_VERSION = 5.0;
				TARGETED_DEVICE_FAMILY = "1,2";
				TEST_HOST = "$(BUILT_PRODUCTS_DIR)/Covid19.app/Covid19";
			};
			name = Debug;
		};
		97C8B87726A6DE9300D116C1 /* Release */ = {
			isa = XCBuildConfiguration;
			buildSettings = {
				ALWAYS_EMBED_SWIFT_STANDARD_LIBRARIES = YES;
				BUNDLE_LOADER = "$(TEST_HOST)";
				CODE_SIGN_STYLE = Automatic;
				DEVELOPMENT_TEAM = MCRHF646YX;
				INFOPLIST_FILE = Covid19Tests/Info.plist;
				IPHONEOS_DEPLOYMENT_TARGET = 14.0;
				LD_RUNPATH_SEARCH_PATHS = (
					"$(inherited)",
					"@executable_path/Frameworks",
					"@loader_path/Frameworks",
				);
				PRODUCT_BUNDLE_IDENTIFIER = com.yoviputra.Covid19Tests;
				PRODUCT_NAME = "$(TARGET_NAME)";
				SWIFT_VERSION = 5.0;
				TARGETED_DEVICE_FAMILY = "1,2";
				TEST_HOST = "$(BUILT_PRODUCTS_DIR)/Covid19.app/Covid19";
			};
			name = Release;
		};
		97C8B87926A6DE9300D116C1 /* Debug */ = {
			isa = XCBuildConfiguration;
			buildSettings = {
				ALWAYS_EMBED_SWIFT_STANDARD_LIBRARIES = YES;
				CODE_SIGN_STYLE = Automatic;
				DEVELOPMENT_TEAM = MCRHF646YX;
				INFOPLIST_FILE = Covid19UITests/Info.plist;
				LD_RUNPATH_SEARCH_PATHS = (
					"$(inherited)",
					"@executable_path/Frameworks",
					"@loader_path/Frameworks",
				);
				PRODUCT_BUNDLE_IDENTIFIER = com.yoviputra.Covid19UITests;
				PRODUCT_NAME = "$(TARGET_NAME)";
				SWIFT_VERSION = 5.0;
				TARGETED_DEVICE_FAMILY = "1,2";
				TEST_TARGET_NAME = Covid19;
			};
			name = Debug;
		};
		97C8B87A26A6DE9300D116C1 /* Release */ = {
			isa = XCBuildConfiguration;
			buildSettings = {
				ALWAYS_EMBED_SWIFT_STANDARD_LIBRARIES = YES;
				CODE_SIGN_STYLE = Automatic;
				DEVELOPMENT_TEAM = MCRHF646YX;
				INFOPLIST_FILE = Covid19UITests/Info.plist;
				LD_RUNPATH_SEARCH_PATHS = (
					"$(inherited)",
					"@executable_path/Frameworks",
					"@loader_path/Frameworks",
				);
				PRODUCT_BUNDLE_IDENTIFIER = com.yoviputra.Covid19UITests;
				PRODUCT_NAME = "$(TARGET_NAME)";
				SWIFT_VERSION = 5.0;
				TARGETED_DEVICE_FAMILY = "1,2";
				TEST_TARGET_NAME = Covid19;
			};
			name = Release;
		};
/* End XCBuildConfiguration section */

/* Begin XCConfigurationList section */
		97C8B84826A6DE9200D116C1 /* Build configuration list for PBXProject "Covid19" */ = {
			isa = XCConfigurationList;
			buildConfigurations = (
				97C8B87026A6DE9300D116C1 /* Debug */,
				97C8B87126A6DE9300D116C1 /* Release */,
			);
			defaultConfigurationIsVisible = 0;
			defaultConfigurationName = Release;
		};
		97C8B87226A6DE9300D116C1 /* Build configuration list for PBXNativeTarget "Covid19" */ = {
			isa = XCConfigurationList;
			buildConfigurations = (
				97C8B87326A6DE9300D116C1 /* Debug */,
				97C8B87426A6DE9300D116C1 /* Release */,
			);
			defaultConfigurationIsVisible = 0;
			defaultConfigurationName = Release;
		};
		97C8B87526A6DE9300D116C1 /* Build configuration list for PBXNativeTarget "Covid19Tests" */ = {
			isa = XCConfigurationList;
			buildConfigurations = (
				97C8B87626A6DE9300D116C1 /* Debug */,
				97C8B87726A6DE9300D116C1 /* Release */,
			);
			defaultConfigurationIsVisible = 0;
			defaultConfigurationName = Release;
		};
		97C8B87826A6DE9300D116C1 /* Build configuration list for PBXNativeTarget "Covid19UITests" */ = {
			isa = XCConfigurationList;
			buildConfigurations = (
				97C8B87926A6DE9300D116C1 /* Debug */,
				97C8B87A26A6DE9300D116C1 /* Release */,
			);
			defaultConfigurationIsVisible = 0;
			defaultConfigurationName = Release;
		};
/* End XCConfigurationList section */
	};
	rootObject = 97C8B84526A6DE9200D116C1 /* Project object */;
}
